{
    "_readme": [
        "This file locks the dependencies of your project to a known state",
        "Read more about it at http://getcomposer.org/doc/01-basic-usage.md#composer-lock-the-lock-file",
        "This file is @generated automatically"
    ],
    "hash": "c0b419538dde32b608b64c84b39c20b2",
    "packages": [
        {
            "name": "slideshowpro/director-php-api",
            "version": "1.2.2",
            "source": {
                "type": "git",
                "url": "git@bitbucket.org:kyxucf/director-php-api.git",
                "reference": "1.2.2"
            },
            "type": "library",
            "autoload": {
                "classmap": [
                    "classes/"
                ]
            }
        }
    ],
    "packages-dev": [

    ],
    "aliases": [

    ],
    "minimum-stability": "stable",
    "stability-flags": [

    ],
    "platform": [

    ],
    "platform-dev": [

    ]
}
